// !$*UTF8*$!
{
	archiveVersion = 1;
	classes = {
	};
	objectVersion = 56;
	objects = {

/* Begin PBXBuildFile section */
		0716BAA02BA33E3D001F593C /* HomeView.swift in Sources */ = {isa = PBXBuildFile; fileRef = 0716BA9F2BA33E3D001F593C /* HomeView.swift */; };
		0716BAA42BA33F21001F593C /* CircleButtonView.swift in Sources */ = {isa = PBXBuildFile; fileRef = 0716BAA32BA33F21001F593C /* CircleButtonView.swift */; };
		0716BAA62BA34240001F593C /* CircleButtonAnimationView.swift in Sources */ = {isa = PBXBuildFile; fileRef = 0716BAA52BA34240001F593C /* CircleButtonAnimationView.swift */; };
		075CAF9D2BA5BA1900DEA5CC /* SearchBarView.swift in Sources */ = {isa = PBXBuildFile; fileRef = 075CAF9C2BA5BA1900DEA5CC /* SearchBarView.swift */; };
		0767354C2BA49B3000FDDD85 /* CoinModel.swift in Sources */ = {isa = PBXBuildFile; fileRef = 0767354B2BA49B3000FDDD85 /* CoinModel.swift */; };
		0767354E2BA4A87100FDDD85 /* CoinRowView.swift in Sources */ = {isa = PBXBuildFile; fileRef = 0767354D2BA4A87100FDDD85 /* CoinRowView.swift */; };
		076735512BA4A8C600FDDD85 /* DeveloperPreview.swift in Sources */ = {isa = PBXBuildFile; fileRef = 076735502BA4A8C600FDDD85 /* DeveloperPreview.swift */; };
		076735542BA4ABEC00FDDD85 /* Double.swift in Sources */ = {isa = PBXBuildFile; fileRef = 076735532BA4ABEC00FDDD85 /* Double.swift */; };
		076735562BA4B2AB00FDDD85 /* HomeViewModel.swift in Sources */ = {isa = PBXBuildFile; fileRef = 076735552BA4B2AB00FDDD85 /* HomeViewModel.swift */; };
		079685A72BA703A500B9E680 /* StatisticModel.swift in Sources */ = {isa = PBXBuildFile; fileRef = 079685A62BA703A500B9E680 /* StatisticModel.swift */; };
		079685A92BA704FB00B9E680 /* StatisticView.swift in Sources */ = {isa = PBXBuildFile; fileRef = 079685A82BA704FB00B9E680 /* StatisticView.swift */; };
		079685AB2BA7074E00B9E680 /* HomeStatsView.swift in Sources */ = {isa = PBXBuildFile; fileRef = 079685AA2BA7074E00B9E680 /* HomeStatsView.swift */; };
		079685AD2BA70B8100B9E680 /* MarketDataModel.swift in Sources */ = {isa = PBXBuildFile; fileRef = 079685AC2BA70B8100B9E680 /* MarketDataModel.swift */; };
		079685AF2BA70E6A00B9E680 /* MarketDataService.swift in Sources */ = {isa = PBXBuildFile; fileRef = 079685AE2BA70E6A00B9E680 /* MarketDataService.swift */; };
		079685B12BA7137600B9E680 /* PortfolioView.swift in Sources */ = {isa = PBXBuildFile; fileRef = 079685B02BA7137600B9E680 /* PortfolioView.swift */; };
		079685B32BA714E200B9E680 /* XMarkButtonView.swift in Sources */ = {isa = PBXBuildFile; fileRef = 079685B22BA714E200B9E680 /* XMarkButtonView.swift */; };
		079685B52BA7161000B9E680 /* CoinLogoView.swift in Sources */ = {isa = PBXBuildFile; fileRef = 079685B42BA7161000B9E680 /* CoinLogoView.swift */; };
		07A163282BA59A3600FBFA9E /* CoinDataService.swift in Sources */ = {isa = PBXBuildFile; fileRef = 07A163272BA59A3600FBFA9E /* CoinDataService.swift */; };
		07A1632B2BA5A3BF00FBFA9E /* NetworkingManager.swift in Sources */ = {isa = PBXBuildFile; fileRef = 07A1632A2BA5A3BF00FBFA9E /* NetworkingManager.swift */; };
		07A1632E2BA5A86400FBFA9E /* CoinImageView.swift in Sources */ = {isa = PBXBuildFile; fileRef = 07A1632D2BA5A86400FBFA9E /* CoinImageView.swift */; };
		07A163302BA5A97800FBFA9E /* CoinImageService.swift in Sources */ = {isa = PBXBuildFile; fileRef = 07A1632F2BA5A97800FBFA9E /* CoinImageService.swift */; };
		07A163322BA5AB2700FBFA9E /* CoinImageViewModel.swift in Sources */ = {isa = PBXBuildFile; fileRef = 07A163312BA5AB2700FBFA9E /* CoinImageViewModel.swift */; };
		07A163342BA5B17A00FBFA9E /* LocalFileManager.swift in Sources */ = {isa = PBXBuildFile; fileRef = 07A163332BA5B17A00FBFA9E /* LocalFileManager.swift */; };
		07EB29DA2BA30C9100C7A9A8 /* CryptoTrackerBootcampApp.swift in Sources */ = {isa = PBXBuildFile; fileRef = 07EB29D92BA30C9100C7A9A8 /* CryptoTrackerBootcampApp.swift */; };
		07EB29DE2BA30C9200C7A9A8 /* Assets.xcassets in Resources */ = {isa = PBXBuildFile; fileRef = 07EB29DD2BA30C9200C7A9A8 /* Assets.xcassets */; };
		07EB29E22BA30C9200C7A9A8 /* Preview Assets.xcassets in Resources */ = {isa = PBXBuildFile; fileRef = 07EB29E12BA30C9200C7A9A8 /* Preview Assets.xcassets */; };
/* End PBXBuildFile section */

/* Begin PBXFileReference section */
		0716BA9F2BA33E3D001F593C /* HomeView.swift */ = {isa = PBXFileReference; lastKnownFileType = sourcecode.swift; path = HomeView.swift; sourceTree = "<group>"; };
		0716BAA32BA33F21001F593C /* CircleButtonView.swift */ = {isa = PBXFileReference; lastKnownFileType = sourcecode.swift; path = CircleButtonView.swift; sourceTree = "<group>"; };
		0716BAA52BA34240001F593C /* CircleButtonAnimationView.swift */ = {isa = PBXFileReference; lastKnownFileType = sourcecode.swift; path = CircleButtonAnimationView.swift; sourceTree = "<group>"; };
		075CAF9C2BA5BA1900DEA5CC /* SearchBarView.swift */ = {isa = PBXFileReference; lastKnownFileType = sourcecode.swift; path = SearchBarView.swift; sourceTree = "<group>"; };
		0767354B2BA49B3000FDDD85 /* CoinModel.swift */ = {isa = PBXFileReference; lastKnownFileType = sourcecode.swift; path = CoinModel.swift; sourceTree = "<group>"; };
		0767354D2BA4A87100FDDD85 /* CoinRowView.swift */ = {isa = PBXFileReference; lastKnownFileType = sourcecode.swift; path = CoinRowView.swift; sourceTree = "<group>"; };
		076735502BA4A8C600FDDD85 /* DeveloperPreview.swift */ = {isa = PBXFileReference; lastKnownFileType = sourcecode.swift; path = DeveloperPreview.swift; sourceTree = "<group>"; };
		076735532BA4ABEC00FDDD85 /* Double.swift */ = {isa = PBXFileReference; lastKnownFileType = sourcecode.swift; path = Double.swift; sourceTree = "<group>"; };
		076735552BA4B2AB00FDDD85 /* HomeViewModel.swift */ = {isa = PBXFileReference; lastKnownFileType = sourcecode.swift; path = HomeViewModel.swift; sourceTree = "<group>"; };
		079685A62BA703A500B9E680 /* StatisticModel.swift */ = {isa = PBXFileReference; lastKnownFileType = sourcecode.swift; path = StatisticModel.swift; sourceTree = "<group>"; };
		079685A82BA704FB00B9E680 /* StatisticView.swift */ = {isa = PBXFileReference; lastKnownFileType = sourcecode.swift; path = StatisticView.swift; sourceTree = "<group>"; };
		079685AA2BA7074E00B9E680 /* HomeStatsView.swift */ = {isa = PBXFileReference; lastKnownFileType = sourcecode.swift; path = HomeStatsView.swift; sourceTree = "<group>"; };
		079685AC2BA70B8100B9E680 /* MarketDataModel.swift */ = {isa = PBXFileReference; lastKnownFileType = sourcecode.swift; path = MarketDataModel.swift; sourceTree = "<group>"; };
		079685AE2BA70E6A00B9E680 /* MarketDataService.swift */ = {isa = PBXFileReference; lastKnownFileType = sourcecode.swift; path = MarketDataService.swift; sourceTree = "<group>"; };
		079685B02BA7137600B9E680 /* PortfolioView.swift */ = {isa = PBXFileReference; lastKnownFileType = sourcecode.swift; path = PortfolioView.swift; sourceTree = "<group>"; };
		079685B22BA714E200B9E680 /* XMarkButtonView.swift */ = {isa = PBXFileReference; lastKnownFileType = sourcecode.swift; path = XMarkButtonView.swift; sourceTree = "<group>"; };
		079685B42BA7161000B9E680 /* CoinLogoView.swift */ = {isa = PBXFileReference; lastKnownFileType = sourcecode.swift; path = CoinLogoView.swift; sourceTree = "<group>"; };
		07A163272BA59A3600FBFA9E /* CoinDataService.swift */ = {isa = PBXFileReference; lastKnownFileType = sourcecode.swift; path = CoinDataService.swift; sourceTree = "<group>"; };
		07A1632A2BA5A3BF00FBFA9E /* NetworkingManager.swift */ = {isa = PBXFileReference; lastKnownFileType = sourcecode.swift; path = NetworkingManager.swift; sourceTree = "<group>"; };
		07A1632D2BA5A86400FBFA9E /* CoinImageView.swift */ = {isa = PBXFileReference; lastKnownFileType = sourcecode.swift; path = CoinImageView.swift; sourceTree = "<group>"; };
		07A1632F2BA5A97800FBFA9E /* CoinImageService.swift */ = {isa = PBXFileReference; lastKnownFileType = sourcecode.swift; path = CoinImageService.swift; sourceTree = "<group>"; };
		07A163312BA5AB2700FBFA9E /* CoinImageViewModel.swift */ = {isa = PBXFileReference; lastKnownFileType = sourcecode.swift; path = CoinImageViewModel.swift; sourceTree = "<group>"; };
		07A163332BA5B17A00FBFA9E /* LocalFileManager.swift */ = {isa = PBXFileReference; lastKnownFileType = sourcecode.swift; path = LocalFileManager.swift; sourceTree = "<group>"; };
		07EB29D62BA30C9100C7A9A8 /* CryptoTrackerBootcamp.app */ = {isa = PBXFileReference; explicitFileType = wrapper.application; includeInIndex = 0; path = CryptoTrackerBootcamp.app; sourceTree = BUILT_PRODUCTS_DIR; };
		07EB29D92BA30C9100C7A9A8 /* CryptoTrackerBootcampApp.swift */ = {isa = PBXFileReference; lastKnownFileType = sourcecode.swift; path = CryptoTrackerBootcampApp.swift; sourceTree = "<group>"; };
		07EB29DD2BA30C9200C7A9A8 /* Assets.xcassets */ = {isa = PBXFileReference; lastKnownFileType = folder.assetcatalog; path = Assets.xcassets; sourceTree = "<group>"; };
		07EB29DF2BA30C9200C7A9A8 /* CryptoTrackerBootcamp.entitlements */ = {isa = PBXFileReference; lastKnownFileType = text.plist.entitlements; path = CryptoTrackerBootcamp.entitlements; sourceTree = "<group>"; };
		07EB29E12BA30C9200C7A9A8 /* Preview Assets.xcassets */ = {isa = PBXFileReference; lastKnownFileType = folder.assetcatalog; path = "Preview Assets.xcassets"; sourceTree = "<group>"; };
/* End PBXFileReference section */

/* Begin PBXFrameworksBuildPhase section */
		07EB29D32BA30C9100C7A9A8 /* Frameworks */ = {
			isa = PBXFrameworksBuildPhase;
			buildActionMask = 2147483647;
			files = (
			);
			runOnlyForDeploymentPostprocessing = 0;
		};
/* End PBXFrameworksBuildPhase section */

/* Begin PBXGroup section */
		0716BA9B2BA33DFC001F593C /* Core */ = {
			isa = PBXGroup;
			children = (
				0716BAA12BA33F00001F593C /* Components */,
				0716BA9C2BA33E0A001F593C /* Home */,
			);
			path = Core;
			sourceTree = "<group>";
		};
		0716BA9C2BA33E0A001F593C /* Home */ = {
			isa = PBXGroup;
			children = (
				0716BA9E2BA33E20001F593C /* ViewModels */,
				0716BA9D2BA33E1A001F593C /* Views */,
			);
			path = Home;
			sourceTree = "<group>";
		};
		0716BA9D2BA33E1A001F593C /* Views */ = {
			isa = PBXGroup;
			children = (
				0716BA9F2BA33E3D001F593C /* HomeView.swift */,
				0767354D2BA4A87100FDDD85 /* CoinRowView.swift */,
				079685AA2BA7074E00B9E680 /* HomeStatsView.swift */,
				079685B02BA7137600B9E680 /* PortfolioView.swift */,
			);
			path = Views;
			sourceTree = "<group>";
		};
		0716BA9E2BA33E20001F593C /* ViewModels */ = {
			isa = PBXGroup;
			children = (
				076735552BA4B2AB00FDDD85 /* HomeViewModel.swift */,
			);
			path = ViewModels;
			sourceTree = "<group>";
		};
		0716BAA12BA33F00001F593C /* Components */ = {
			isa = PBXGroup;
			children = (
				07A1632C2BA5A85600FBFA9E /* CoinImage */,
				0716BAA22BA33F11001F593C /* CircleButton */,
				075CAF9C2BA5BA1900DEA5CC /* SearchBarView.swift */,
				079685A82BA704FB00B9E680 /* StatisticView.swift */,
				079685B22BA714E200B9E680 /* XMarkButtonView.swift */,
			);
			path = Components;
			sourceTree = "<group>";
		};
		0716BAA22BA33F11001F593C /* CircleButton */ = {
			isa = PBXGroup;
			children = (
				0716BAA32BA33F21001F593C /* CircleButtonView.swift */,
				0716BAA52BA34240001F593C /* CircleButtonAnimationView.swift */,
			);
			path = CircleButton;
			sourceTree = "<group>";
		};
		0767354A2BA49B1200FDDD85 /* Models */ = {
			isa = PBXGroup;
			children = (
				0767354B2BA49B3000FDDD85 /* CoinModel.swift */,
				079685A62BA703A500B9E680 /* StatisticModel.swift */,
				079685AC2BA70B8100B9E680 /* MarketDataModel.swift */,
			);
			path = Models;
			sourceTree = "<group>";
		};
		0767354F2BA4A8B300FDDD85 /* Developing */ = {
			isa = PBXGroup;
			children = (
				076735502BA4A8C600FDDD85 /* DeveloperPreview.swift */,
			);
			path = Developing;
			sourceTree = "<group>";
		};
		076735522BA4ABCD00FDDD85 /* Extensions */ = {
			isa = PBXGroup;
			children = (
				076735532BA4ABEC00FDDD85 /* Double.swift */,
			);
			path = Extensions;
			sourceTree = "<group>";
		};
		07A163262BA59A0900FBFA9E /* Services */ = {
			isa = PBXGroup;
			children = (
				07A163272BA59A3600FBFA9E /* CoinDataService.swift */,
				07A1632F2BA5A97800FBFA9E /* CoinImageService.swift */,
				079685AE2BA70E6A00B9E680 /* MarketDataService.swift */,
			);
			path = Services;
			sourceTree = "<group>";
		};
		07A163292BA5A3AE00FBFA9E /* Utilities */ = {
			isa = PBXGroup;
			children = (
				07A1632A2BA5A3BF00FBFA9E /* NetworkingManager.swift */,
				07A163332BA5B17A00FBFA9E /* LocalFileManager.swift */,
			);
			path = Utilities;
			sourceTree = "<group>";
		};
		07A1632C2BA5A85600FBFA9E /* CoinImage */ = {
			isa = PBXGroup;
			children = (
				07A1632D2BA5A86400FBFA9E /* CoinImageView.swift */,
				07A163312BA5AB2700FBFA9E /* CoinImageViewModel.swift */,
				079685B42BA7161000B9E680 /* CoinLogoView.swift */,
			);
			path = CoinImage;
			sourceTree = "<group>";
		};
		07EB29CD2BA30C9100C7A9A8 = {
			isa = PBXGroup;
			children = (
				07EB29D82BA30C9100C7A9A8 /* CryptoTrackerBootcamp */,
				07EB29D72BA30C9100C7A9A8 /* Products */,
			);
			sourceTree = "<group>";
		};
		07EB29D72BA30C9100C7A9A8 /* Products */ = {
			isa = PBXGroup;
			children = (
				07EB29D62BA30C9100C7A9A8 /* CryptoTrackerBootcamp.app */,
			);
			name = Products;
			sourceTree = "<group>";
		};
		07EB29D82BA30C9100C7A9A8 /* CryptoTrackerBootcamp */ = {
			isa = PBXGroup;
			children = (
				07EB29D92BA30C9100C7A9A8 /* CryptoTrackerBootcampApp.swift */,
				0767354F2BA4A8B300FDDD85 /* Developing */,
				076735522BA4ABCD00FDDD85 /* Extensions */,
				07A163292BA5A3AE00FBFA9E /* Utilities */,
				07A163262BA59A0900FBFA9E /* Services */,
				0767354A2BA49B1200FDDD85 /* Models */,
				0716BA9B2BA33DFC001F593C /* Core */,
				07EB29DD2BA30C9200C7A9A8 /* Assets.xcassets */,
				07EB29DF2BA30C9200C7A9A8 /* CryptoTrackerBootcamp.entitlements */,
				07EB29E02BA30C9200C7A9A8 /* Preview Content */,
			);
			path = CryptoTrackerBootcamp;
			sourceTree = "<group>";
		};
		07EB29E02BA30C9200C7A9A8 /* Preview Content */ = {
			isa = PBXGroup;
			children = (
				07EB29E12BA30C9200C7A9A8 /* Preview Assets.xcassets */,
			);
			path = "Preview Content";
			sourceTree = "<group>";
		};
/* End PBXGroup section */

/* Begin PBXNativeTarget section */
		07EB29D52BA30C9100C7A9A8 /* CryptoTrackerBootcamp */ = {
			isa = PBXNativeTarget;
			buildConfigurationList = 07EB29E52BA30C9200C7A9A8 /* Build configuration list for PBXNativeTarget "CryptoTrackerBootcamp" */;
			buildPhases = (
				07EB29D22BA30C9100C7A9A8 /* Sources */,
				07EB29D32BA30C9100C7A9A8 /* Frameworks */,
				07EB29D42BA30C9100C7A9A8 /* Resources */,
			);
			buildRules = (
			);
			dependencies = (
			);
			name = CryptoTrackerBootcamp;
			productName = CryptoTrackerBootcamp;
			productReference = 07EB29D62BA30C9100C7A9A8 /* CryptoTrackerBootcamp.app */;
			productType = "com.apple.product-type.application";
		};
/* End PBXNativeTarget section */

/* Begin PBXProject section */
		07EB29CE2BA30C9100C7A9A8 /* Project object */ = {
			isa = PBXProject;
			attributes = {
				BuildIndependentTargetsInParallel = 1;
				LastSwiftUpdateCheck = 1530;
				LastUpgradeCheck = 1530;
				TargetAttributes = {
					07EB29D52BA30C9100C7A9A8 = {
						CreatedOnToolsVersion = 15.3;
					};
				};
			};
			buildConfigurationList = 07EB29D12BA30C9100C7A9A8 /* Build configuration list for PBXProject "CryptoTrackerBootcamp" */;
			compatibilityVersion = "Xcode 14.0";
			developmentRegion = en;
			hasScannedForEncodings = 0;
			knownRegions = (
				en,
				Base,
			);
			mainGroup = 07EB29CD2BA30C9100C7A9A8;
			productRefGroup = 07EB29D72BA30C9100C7A9A8 /* Products */;
			projectDirPath = "";
			projectRoot = "";
			targets = (
				07EB29D52BA30C9100C7A9A8 /* CryptoTrackerBootcamp */,
			);
		};
/* End PBXProject section */

/* Begin PBXResourcesBuildPhase section */
		07EB29D42BA30C9100C7A9A8 /* Resources */ = {
			isa = PBXResourcesBuildPhase;
			buildActionMask = 2147483647;
			files = (
				07EB29E22BA30C9200C7A9A8 /* Preview Assets.xcassets in Resources */,
				07EB29DE2BA30C9200C7A9A8 /* Assets.xcassets in Resources */,
			);
			runOnlyForDeploymentPostprocessing = 0;
		};
/* End PBXResourcesBuildPhase section */

/* Begin PBXSourcesBuildPhase section */
		07EB29D22BA30C9100C7A9A8 /* Sources */ = {
			isa = PBXSourcesBuildPhase;
			buildActionMask = 2147483647;
			files = (
				079685B32BA714E200B9E680 /* XMarkButtonView.swift in Sources */,
				0767354E2BA4A87100FDDD85 /* CoinRowView.swift in Sources */,
				079685B52BA7161000B9E680 /* CoinLogoView.swift in Sources */,
				076735562BA4B2AB00FDDD85 /* HomeViewModel.swift in Sources */,
				079685A72BA703A500B9E680 /* StatisticModel.swift in Sources */,
				079685AD2BA70B8100B9E680 /* MarketDataModel.swift in Sources */,
				079685AB2BA7074E00B9E680 /* HomeStatsView.swift in Sources */,
				079685AF2BA70E6A00B9E680 /* MarketDataService.swift in Sources */,
				07A163342BA5B17A00FBFA9E /* LocalFileManager.swift in Sources */,
				0767354C2BA49B3000FDDD85 /* CoinModel.swift in Sources */,
				075CAF9D2BA5BA1900DEA5CC /* SearchBarView.swift in Sources */,
				07A163322BA5AB2700FBFA9E /* CoinImageViewModel.swift in Sources */,
				079685A92BA704FB00B9E680 /* StatisticView.swift in Sources */,
				076735542BA4ABEC00FDDD85 /* Double.swift in Sources */,
				0716BAA42BA33F21001F593C /* CircleButtonView.swift in Sources */,
				07A1632E2BA5A86400FBFA9E /* CoinImageView.swift in Sources */,
				0716BAA02BA33E3D001F593C /* HomeView.swift in Sources */,
				07EB29DA2BA30C9100C7A9A8 /* CryptoTrackerBootcampApp.swift in Sources */,
				07A1632B2BA5A3BF00FBFA9E /* NetworkingManager.swift in Sources */,
				07A163302BA5A97800FBFA9E /* CoinImageService.swift in Sources */,
				0716BAA62BA34240001F593C /* CircleButtonAnimationView.swift in Sources */,
				079685B12BA7137600B9E680 /* PortfolioView.swift in Sources */,
				07A163282BA59A3600FBFA9E /* CoinDataService.swift in Sources */,
				076735512BA4A8C600FDDD85 /* DeveloperPreview.swift in Sources */,
			);
			runOnlyForDeploymentPostprocessing = 0;
		};
/* End PBXSourcesBuildPhase section */

/* Begin XCBuildConfiguration section */
		07EB29E32BA30C9200C7A9A8 /* Debug */ = {
			isa = XCBuildConfiguration;
			buildSettings = {
				ALWAYS_SEARCH_USER_PATHS = NO;
				ASSETCATALOG_COMPILER_GENERATE_SWIFT_ASSET_SYMBOL_EXTENSIONS = YES;
				CLANG_ANALYZER_NONNULL = YES;
				CLANG_ANALYZER_NUMBER_OBJECT_CONVERSION = YES_AGGRESSIVE;
				CLANG_CXX_LANGUAGE_STANDARD = "gnu++20";
				CLANG_ENABLE_MODULES = YES;
				CLANG_ENABLE_OBJC_ARC = YES;
				CLANG_ENABLE_OBJC_WEAK = YES;
				CLANG_WARN_BLOCK_CAPTURE_AUTORELEASING = YES;
				CLANG_WARN_BOOL_CONVERSION = YES;
				CLANG_WARN_COMMA = YES;
				CLANG_WARN_CONSTANT_CONVERSION = YES;
				CLANG_WARN_DEPRECATED_OBJC_IMPLEMENTATIONS = YES;
				CLANG_WARN_DIRECT_OBJC_ISA_USAGE = YES_ERROR;
				CLANG_WARN_DOCUMENTATION_COMMENTS = YES;
				CLANG_WARN_EMPTY_BODY = YES;
				CLANG_WARN_ENUM_CONVERSION = YES;
				CLANG_WARN_INFINITE_RECURSION = YES;
				CLANG_WARN_INT_CONVERSION = YES;
				CLANG_WARN_NON_LITERAL_NULL_CONVERSION = YES;
				CLANG_WARN_OBJC_IMPLICIT_RETAIN_SELF = YES;
				CLANG_WARN_OBJC_LITERAL_CONVERSION = YES;
				CLANG_WARN_OBJC_ROOT_CLASS = YES_ERROR;
				CLANG_WARN_QUOTED_INCLUDE_IN_FRAMEWORK_HEADER = YES;
				CLANG_WARN_RANGE_LOOP_ANALYSIS = YES;
				CLANG_WARN_STRICT_PROTOTYPES = YES;
				CLANG_WARN_SUSPICIOUS_MOVE = YES;
				CLANG_WARN_UNGUARDED_AVAILABILITY = YES_AGGRESSIVE;
				CLANG_WARN_UNREACHABLE_CODE = YES;
				CLANG_WARN__DUPLICATE_METHOD_MATCH = YES;
				COPY_PHASE_STRIP = NO;
				DEBUG_INFORMATION_FORMAT = dwarf;
				ENABLE_STRICT_OBJC_MSGSEND = YES;
				ENABLE_TESTABILITY = YES;
				ENABLE_USER_SCRIPT_SANDBOXING = YES;
				GCC_C_LANGUAGE_STANDARD = gnu17;
				GCC_DYNAMIC_NO_PIC = NO;
				GCC_NO_COMMON_BLOCKS = YES;
				GCC_OPTIMIZATION_LEVEL = 0;
				GCC_PREPROCESSOR_DEFINITIONS = (
					"DEBUG=1",
					"$(inherited)",
				);
				GCC_WARN_64_TO_32_BIT_CONVERSION = YES;
				GCC_WARN_ABOUT_RETURN_TYPE = YES_ERROR;
				GCC_WARN_UNDECLARED_SELECTOR = YES;
				GCC_WARN_UNINITIALIZED_AUTOS = YES_AGGRESSIVE;
				GCC_WARN_UNUSED_FUNCTION = YES;
				GCC_WARN_UNUSED_VARIABLE = YES;
				LOCALIZATION_PREFERS_STRING_CATALOGS = YES;
				MTL_ENABLE_DEBUG_INFO = INCLUDE_SOURCE;
				MTL_FAST_MATH = YES;
				ONLY_ACTIVE_ARCH = YES;
				SWIFT_ACTIVE_COMPILATION_CONDITIONS = "DEBUG $(inherited)";
				SWIFT_OPTIMIZATION_LEVEL = "-Onone";
			};
			name = Debug;
		};
		07EB29E42BA30C9200C7A9A8 /* Release */ = {
			isa = XCBuildConfiguration;
			buildSettings = {
				ALWAYS_SEARCH_USER_PATHS = NO;
				ASSETCATALOG_COMPILER_GENERATE_SWIFT_ASSET_SYMBOL_EXTENSIONS = YES;
				CLANG_ANALYZER_NONNULL = YES;
				CLANG_ANALYZER_NUMBER_OBJECT_CONVERSION = YES_AGGRESSIVE;
				CLANG_CXX_LANGUAGE_STANDARD = "gnu++20";
				CLANG_ENABLE_MODULES = YES;
				CLANG_ENABLE_OBJC_ARC = YES;
				CLANG_ENABLE_OBJC_WEAK = YES;
				CLANG_WARN_BLOCK_CAPTURE_AUTORELEASING = YES;
				CLANG_WARN_BOOL_CONVERSION = YES;
				CLANG_WARN_COMMA = YES;
				CLANG_WARN_CONSTANT_CONVERSION = YES;
				CLANG_WARN_DEPRECATED_OBJC_IMPLEMENTATIONS = YES;
				CLANG_WARN_DIRECT_OBJC_ISA_USAGE = YES_ERROR;
				CLANG_WARN_DOCUMENTATION_COMMENTS = YES;
				CLANG_WARN_EMPTY_BODY = YES;
				CLANG_WARN_ENUM_CONVERSION = YES;
				CLANG_WARN_INFINITE_RECURSION = YES;
				CLANG_WARN_INT_CONVERSION = YES;
				CLANG_WARN_NON_LITERAL_NULL_CONVERSION = YES;
				CLANG_WARN_OBJC_IMPLICIT_RETAIN_SELF = YES;
				CLANG_WARN_OBJC_LITERAL_CONVERSION = YES;
				CLANG_WARN_OBJC_ROOT_CLASS = YES_ERROR;
				CLANG_WARN_QUOTED_INCLUDE_IN_FRAMEWORK_HEADER = YES;
				CLANG_WARN_RANGE_LOOP_ANALYSIS = YES;
				CLANG_WARN_STRICT_PROTOTYPES = YES;
				CLANG_WARN_SUSPICIOUS_MOVE = YES;
				CLANG_WARN_UNGUARDED_AVAILABILITY = YES_AGGRESSIVE;
				CLANG_WARN_UNREACHABLE_CODE = YES;
				CLANG_WARN__DUPLICATE_METHOD_MATCH = YES;
				COPY_PHASE_STRIP = NO;
				DEBUG_INFORMATION_FORMAT = "dwarf-with-dsym";
				ENABLE_NS_ASSERTIONS = NO;
				ENABLE_STRICT_OBJC_MSGSEND = YES;
				ENABLE_USER_SCRIPT_SANDBOXING = YES;
				GCC_C_LANGUAGE_STANDARD = gnu17;
				GCC_NO_COMMON_BLOCKS = YES;
				GCC_WARN_64_TO_32_BIT_CONVERSION = YES;
				GCC_WARN_ABOUT_RETURN_TYPE = YES_ERROR;
				GCC_WARN_UNDECLARED_SELECTOR = YES;
				GCC_WARN_UNINITIALIZED_AUTOS = YES_AGGRESSIVE;
				GCC_WARN_UNUSED_FUNCTION = YES;
				GCC_WARN_UNUSED_VARIABLE = YES;
				LOCALIZATION_PREFERS_STRING_CATALOGS = YES;
				MTL_ENABLE_DEBUG_INFO = NO;
				MTL_FAST_MATH = YES;
				SWIFT_COMPILATION_MODE = wholemodule;
			};
			name = Release;
		};
		07EB29E62BA30C9200C7A9A8 /* Debug */ = {
			isa = XCBuildConfiguration;
			buildSettings = {
				ASSETCATALOG_COMPILER_APPICON_NAME = AppIcon;
				ASSETCATALOG_COMPILER_GLOBAL_ACCENT_COLOR_NAME = AccentColor;
				CODE_SIGN_ENTITLEMENTS = CryptoTrackerBootcamp/CryptoTrackerBootcamp.entitlements;
				CODE_SIGN_STYLE = Automatic;
				CURRENT_PROJECT_VERSION = 1;
				DEVELOPMENT_ASSET_PATHS = "\"CryptoTrackerBootcamp/Preview Content\"";
				ENABLE_PREVIEWS = YES;
				GENERATE_INFOPLIST_FILE = YES;
				INFOPLIST_KEY_CFBundleDisplayName = CryptoTracker;
				"INFOPLIST_KEY_UIApplicationSceneManifest_Generation[sdk=iphoneos*]" = YES;
				"INFOPLIST_KEY_UIApplicationSceneManifest_Generation[sdk=iphonesimulator*]" = YES;
				"INFOPLIST_KEY_UIApplicationSupportsIndirectInputEvents[sdk=iphoneos*]" = YES;
				"INFOPLIST_KEY_UIApplicationSupportsIndirectInputEvents[sdk=iphonesimulator*]" = YES;
				"INFOPLIST_KEY_UILaunchScreen_Generation[sdk=iphoneos*]" = YES;
				"INFOPLIST_KEY_UILaunchScreen_Generation[sdk=iphonesimulator*]" = YES;
				"INFOPLIST_KEY_UIStatusBarStyle[sdk=iphoneos*]" = UIStatusBarStyleDefault;
				"INFOPLIST_KEY_UIStatusBarStyle[sdk=iphonesimulator*]" = UIStatusBarStyleDefault;
				INFOPLIST_KEY_UISupportedInterfaceOrientations = "UIInterfaceOrientationPortrait UIInterfaceOrientationPortraitUpsideDown";
				IPHONEOS_DEPLOYMENT_TARGET = 17.4;
				LD_RUNPATH_SEARCH_PATHS = "@executable_path/Frameworks";
				"LD_RUNPATH_SEARCH_PATHS[sdk=macosx*]" = "@executable_path/../Frameworks";
				MACOSX_DEPLOYMENT_TARGET = 14.3;
				MARKETING_VERSION = 1.0;
				PRODUCT_BUNDLE_IDENTIFIER = com.CryptoTrackerBootcamp;
				PRODUCT_NAME = "$(TARGET_NAME)";
				SDKROOT = auto;
				SUPPORTED_PLATFORMS = "iphoneos iphonesimulator macosx";
				SWIFT_EMIT_LOC_STRINGS = YES;
				SWIFT_VERSION = 5.0;
				TARGETED_DEVICE_FAMILY = "1,2";
			};
			name = Debug;
		};
		07EB29E72BA30C9200C7A9A8 /* Release */ = {
			isa = XCBuildConfiguration;
			buildSettings = {
				ASSETCATALOG_COMPILER_APPICON_NAME = AppIcon;
				ASSETCATALOG_COMPILER_GLOBAL_ACCENT_COLOR_NAME = AccentColor;
				CODE_SIGN_ENTITLEMENTS = CryptoTrackerBootcamp/CryptoTrackerBootcamp.entitlements;
				CODE_SIGN_STYLE = Automatic;
				CURRENT_PROJECT_VERSION = 1;
				DEVELOPMENT_ASSET_PATHS = "\"CryptoTrackerBootcamp/Preview Content\"";
				ENABLE_PREVIEWS = YES;
				GENERATE_INFOPLIST_FILE = YES;
				INFOPLIST_KEY_CFBundleDisplayName = CryptoTracker;
				"INFOPLIST_KEY_UIApplicationSceneManifest_Generation[sdk=iphoneos*]" = YES;
				"INFOPLIST_KEY_UIApplicationSceneManifest_Generation[sdk=iphonesimulator*]" = YES;
				"INFOPLIST_KEY_UIApplicationSupportsIndirectInputEvents[sdk=iphoneos*]" = YES;
				"INFOPLIST_KEY_UIApplicationSupportsIndirectInputEvents[sdk=iphonesimulator*]" = YES;
				"INFOPLIST_KEY_UILaunchScreen_Generation[sdk=iphoneos*]" = YES;
				"INFOPLIST_KEY_UILaunchScreen_Generation[sdk=iphonesimulator*]" = YES;
				"INFOPLIST_KEY_UIStatusBarStyle[sdk=iphoneos*]" = UIStatusBarStyleDefault;
				"INFOPLIST_KEY_UIStatusBarStyle[sdk=iphonesimulator*]" = UIStatusBarStyleDefault;
				INFOPLIST_KEY_UISupportedInterfaceOrientations = "UIInterfaceOrientationPortrait UIInterfaceOrientationPortraitUpsideDown";
				IPHONEOS_DEPLOYMENT_TARGET = 17.4;
				LD_RUNPATH_SEARCH_PATHS = "@executable_path/Frameworks";
				"LD_RUNPATH_SEARCH_PATHS[sdk=macosx*]" = "@executable_path/../Frameworks";
				MACOSX_DEPLOYMENT_TARGET = 14.3;
				MARKETING_VERSION = 1.0;
				PRODUCT_BUNDLE_IDENTIFIER = com.CryptoTrackerBootcamp;
				PRODUCT_NAME = "$(TARGET_NAME)";
				SDKROOT = auto;
				SUPPORTED_PLATFORMS = "iphoneos iphonesimulator macosx";
				SWIFT_EMIT_LOC_STRINGS = YES;
				SWIFT_VERSION = 5.0;
				TARGETED_DEVICE_FAMILY = "1,2";
			};
			name = Release;
		};
/* End XCBuildConfiguration section */

/* Begin XCConfigurationList section */
		07EB29D12BA30C9100C7A9A8 /* Build configuration list for PBXProject "CryptoTrackerBootcamp" */ = {
			isa = XCConfigurationList;
			buildConfigurations = (
				07EB29E32BA30C9200C7A9A8 /* Debug */,
				07EB29E42BA30C9200C7A9A8 /* Release */,
			);
			defaultConfigurationIsVisible = 0;
			defaultConfigurationName = Release;
		};
		07EB29E52BA30C9200C7A9A8 /* Build configuration list for PBXNativeTarget "CryptoTrackerBootcamp" */ = {
			isa = XCConfigurationList;
			buildConfigurations = (
				07EB29E62BA30C9200C7A9A8 /* Debug */,
				07EB29E72BA30C9200C7A9A8 /* Release */,
			);
			defaultConfigurationIsVisible = 0;
			defaultConfigurationName = Release;
		};
/* End XCConfigurationList section */
	};
	rootObject = 07EB29CE2BA30C9100C7A9A8 /* Project object */;
}
